
Microsoft Visual Studio Solution File, Format Version 12.00
# Visual Studio Version 17
VisualStudioVersion = 17.7.34031.279
MinimumVisualStudioVersion = 10.0.40219.1
Project("{FAE04EC0-301F-11D3-BF4B-00C04F79EFBC}") = "practical-3", "practical-3\practical-3.csproj", "{CFAA03F0-4532-4933-92C9-B3581410F1D1}"
EndProject
Global
	GlobalSection(SolutionConfigurationPlatforms) = preSolution
		Debug|Any CPU = Debug|Any CPU
		Release|Any CPU = Release|Any CPU
	EndGlobalSection
	GlobalSection(ProjectConfigurationPlatforms) = postSolution
		{CFAA03F0-4532-4933-92C9-B3581410F1D1}.Debug|Any CPU.ActiveCfg = Debug|Any CPU
		{CFAA03F0-4532-4933-92C9-B3581410F1D1}.Debug|Any CPU.Build.0 = Debug|Any CPU
		{CFAA03F0-4532-4933-92C9-B3581410F1D1}.Release|Any CPU.ActiveCfg = Release|Any CPU
		{CFAA03F0-4532-4933-92C9-B3581410F1D1}.Release|Any CPU.Build.0 = Release|Any CPU
	EndGlobalSection
	GlobalSection(SolutionProperties) = preSolution
		HideSolutionNode = FALSE
	EndGlobalSection
	GlobalSection(ExtensibilityGlobals) = postSolution
		SolutionGuid = {D10885EF-1B1C-4A28-887A-73299C495F2C}
	EndGlobalSection
EndGlobal
